
Microsoft Visual Studio Solution File, Format Version 12.00
# Visual Studio Version 16
VisualStudioVersion = 16.0.30320.27
MinimumVisualStudioVersion = 10.0.40219.1
Project("{9A19103F-16F7-4668-BE54-9A1E7A4F7556}") = "Chaining", "Chaining\Chaining.csproj", "{18D9622D-971F-41D6-8F9B-9816E0880CC8}"
EndProject
Project("{9A19103F-16F7-4668-BE54-9A1E7A4F7556}") = "FanOutFanIn", "FanOutFanIn\FanOutFanIn.csproj", "{86B3C71A-D982-4D23-B28C-24E75C44E014}"
EndProject
Project("{FAE04EC0-301F-11D3-BF4B-00C04F79EFBC}") = "HumanInteraction", "HumanInteraction\HumanInteraction.csproj", "{43735202-8DE8-42FB-96D5-C9765968E77D}"
EndProject
Project("{FAE04EC0-301F-11D3-BF4B-00C04F79EFBC}") = "DurableEntityAggregator", "DurableEntityAggregator\DurableEntityAggregator.csproj", "{E1B8C254-2118-4041-983B-182D77B8FA59}"
EndProject
Global
	GlobalSection(SolutionConfigurationPlatforms) = preSolution
		Debug|Any CPU = Debug|Any CPU
		Release|Any CPU = Release|Any CPU
	EndGlobalSection
	GlobalSection(ProjectConfigurationPlatforms) = postSolution
		{18D9622D-971F-41D6-8F9B-9816E0880CC8}.Debug|Any CPU.ActiveCfg = Debug|Any CPU
		{18D9622D-971F-41D6-8F9B-9816E0880CC8}.Debug|Any CPU.Build.0 = Debug|Any CPU
		{18D9622D-971F-41D6-8F9B-9816E0880CC8}.Release|Any CPU.ActiveCfg = Release|Any CPU
		{18D9622D-971F-41D6-8F9B-9816E0880CC8}.Release|Any CPU.Build.0 = Release|Any CPU
		{86B3C71A-D982-4D23-B28C-24E75C44E014}.Debug|Any CPU.ActiveCfg = Debug|Any CPU
		{86B3C71A-D982-4D23-B28C-24E75C44E014}.Debug|Any CPU.Build.0 = Debug|Any CPU
		{86B3C71A-D982-4D23-B28C-24E75C44E014}.Release|Any CPU.ActiveCfg = Release|Any CPU
		{86B3C71A-D982-4D23-B28C-24E75C44E014}.Release|Any CPU.Build.0 = Release|Any CPU
		{43735202-8DE8-42FB-96D5-C9765968E77D}.Debug|Any CPU.ActiveCfg = Debug|Any CPU
		{43735202-8DE8-42FB-96D5-C9765968E77D}.Debug|Any CPU.Build.0 = Debug|Any CPU
		{43735202-8DE8-42FB-96D5-C9765968E77D}.Release|Any CPU.ActiveCfg = Release|Any CPU
		{43735202-8DE8-42FB-96D5-C9765968E77D}.Release|Any CPU.Build.0 = Release|Any CPU
		{E1B8C254-2118-4041-983B-182D77B8FA59}.Debug|Any CPU.ActiveCfg = Debug|Any CPU
		{E1B8C254-2118-4041-983B-182D77B8FA59}.Debug|Any CPU.Build.0 = Debug|Any CPU
		{E1B8C254-2118-4041-983B-182D77B8FA59}.Release|Any CPU.ActiveCfg = Release|Any CPU
		{E1B8C254-2118-4041-983B-182D77B8FA59}.Release|Any CPU.Build.0 = Release|Any CPU
	EndGlobalSection
	GlobalSection(SolutionProperties) = preSolution
		HideSolutionNode = FALSE
	EndGlobalSection
	GlobalSection(ExtensibilityGlobals) = postSolution
		SolutionGuid = {2C7F7D79-01B6-4744-A4A9-EE50B528A4B1}
	EndGlobalSection
EndGlobal
